
Microsoft Visual Studio Solution File, Format Version 12.00
# Visual Studio Version 17
VisualStudioVersion = 17.14.36121.58 d17.14
MinimumVisualStudioVersion = 10.0.40219.1
Project("{FAE04EC0-301F-11D3-BF4B-00C04F79EFBC}") = "UserAuthentication.API", "UserAuthentication.API\UserAuthentication.API.csproj", "{A358D35B-4D4E-4AF1-9C82-01AAA414CE7C}"
EndProject
Project("{FAE04EC0-301F-11D3-BF4B-00C04F79EFBC}") = "UserAuthentication.Domain", "UserAuthentication.Domain\UserAuthentication.Domain.csproj", "{4C7252D0-9777-42B7-8E0D-A2D3F06CBC5D}"
EndProject
Project("{FAE04EC0-301F-11D3-BF4B-00C04F79EFBC}") = "UserAuthentication.Data", "UserAuthentication.Data\UserAuthentication.Data.csproj", "{A44BED20-9900-4833-B32D-D5B115A0A1FC}"
EndProject
Project("{FAE04EC0-301F-11D3-BF4B-00C04F79EFBC}") = "UserAuthentication.Application", "UserAuthentication.Application\UserAuthentication.Application.csproj", "{C4E18CC5-5A15-4581-B905-8152E182F647}"
EndProject
Project("{FAE04EC0-301F-11D3-BF4B-00C04F79EFBC}") = "UserAuthentication.Tests", "UserAuthentication.Tests\UserAuthentication.Tests.csproj", "{87015830-EE3A-44BA-B207-97B267E8C654}"
EndProject
Global
	GlobalSection(SolutionConfigurationPlatforms) = preSolution
		Debug|Any CPU = Debug|Any CPU
		Release|Any CPU = Release|Any CPU
	EndGlobalSection
	GlobalSection(ProjectConfigurationPlatforms) = postSolution
		{A358D35B-4D4E-4AF1-9C82-01AAA414CE7C}.Debug|Any CPU.ActiveCfg = Debug|Any CPU
		{A358D35B-4D4E-4AF1-9C82-01AAA414CE7C}.Debug|Any CPU.Build.0 = Debug|Any CPU
		{A358D35B-4D4E-4AF1-9C82-01AAA414CE7C}.Release|Any CPU.ActiveCfg = Release|Any CPU
		{A358D35B-4D4E-4AF1-9C82-01AAA414CE7C}.Release|Any CPU.Build.0 = Release|Any CPU
		{4C7252D0-9777-42B7-8E0D-A2D3F06CBC5D}.Debug|Any CPU.ActiveCfg = Debug|Any CPU
		{4C7252D0-9777-42B7-8E0D-A2D3F06CBC5D}.Debug|Any CPU.Build.0 = Debug|Any CPU
		{4C7252D0-9777-42B7-8E0D-A2D3F06CBC5D}.Release|Any CPU.ActiveCfg = Release|Any CPU
		{4C7252D0-9777-42B7-8E0D-A2D3F06CBC5D}.Release|Any CPU.Build.0 = Release|Any CPU
		{A44BED20-9900-4833-B32D-D5B115A0A1FC}.Debug|Any CPU.ActiveCfg = Debug|Any CPU
		{A44BED20-9900-4833-B32D-D5B115A0A1FC}.Debug|Any CPU.Build.0 = Debug|Any CPU
		{A44BED20-9900-4833-B32D-D5B115A0A1FC}.Release|Any CPU.ActiveCfg = Release|Any CPU
		{A44BED20-9900-4833-B32D-D5B115A0A1FC}.Release|Any CPU.Build.0 = Release|Any CPU
		{C4E18CC5-5A15-4581-B905-8152E182F647}.Debug|Any CPU.ActiveCfg = Debug|Any CPU
		{C4E18CC5-5A15-4581-B905-8152E182F647}.Debug|Any CPU.Build.0 = Debug|Any CPU
		{C4E18CC5-5A15-4581-B905-8152E182F647}.Release|Any CPU.ActiveCfg = Release|Any CPU
		{C4E18CC5-5A15-4581-B905-8152E182F647}.Release|Any CPU.Build.0 = Release|Any CPU
		{87015830-EE3A-44BA-B207-97B267E8C654}.Debug|Any CPU.ActiveCfg = Debug|Any CPU
		{87015830-EE3A-44BA-B207-97B267E8C654}.Debug|Any CPU.Build.0 = Debug|Any CPU
		{87015830-EE3A-44BA-B207-97B267E8C654}.Release|Any CPU.ActiveCfg = Release|Any CPU
		{87015830-EE3A-44BA-B207-97B267E8C654}.Release|Any CPU.Build.0 = Release|Any CPU
	EndGlobalSection
	GlobalSection(SolutionProperties) = preSolution
		HideSolutionNode = FALSE
	EndGlobalSection
	GlobalSection(ExtensibilityGlobals) = postSolution
		SolutionGuid = {00A81741-AF4B-4FC2-8DE4-A21F5B4632BC}
	EndGlobalSection
EndGlobal
